
Microsoft Visual Studio Solution File, Format Version 12.00
# Visual Studio 14
VisualStudioVersion = 14.0.25420.1
MinimumVisualStudioVersion = 10.0.40219.1
Project("{2150E333-8FDC-42A3-9474-1A3956D46DE8}") = "AzureStorage", "AzureStorage", "{7F6BF303-85B1-49DA-9575-AFF55B9A1384}"
EndProject
Project("{FAE04EC0-301F-11D3-BF4B-00C04F79EFBC}") = "AzureBlobUpload", "AzureBlobUpload\AzureBlobUpload.csproj", "{13424B28-1333-44E4-9A03-01FA4C704B87}"
EndProject
Project("{2150E333-8FDC-42A3-9474-1A3956D46DE8}") = "CloudServices", "CloudServices", "{C33F4ED6-6529-43B2-99B4-69E6C9EB6E94}"
EndProject
Project("{CC5FD16D-436D-48AD-A40C-5A424C6E3E79}") = "CloudServiceDemo", "CloudServiceDemo\CloudServiceDemo.ccproj", "{26EBB117-11B8-4CFD-B718-EC6A1376DDCC}"
EndProject
Project("{FAE04EC0-301F-11D3-BF4B-00C04F79EFBC}") = "WebFrontEnd", "WebFrontEnd\WebFrontEnd.csproj", "{90144A2A-C767-491C-BA55-D46E417138D8}"
EndProject
Project("{FAE04EC0-301F-11D3-BF4B-00C04F79EFBC}") = "WorkerBackend", "WorkerBackend\WorkerBackend.csproj", "{25EC9B0F-356C-4CE6-AF03-7E81CE33F14D}"
EndProject
Project("{2150E333-8FDC-42A3-9474-1A3956D46DE8}") = "OtherServices", "OtherServices", "{6E454A56-1993-4289-9B35-FB20CCE75A48}"
EndProject
Project("{2150E333-8FDC-42A3-9474-1A3956D46DE8}") = "RedisCache", "RedisCache", "{229A1095-70E4-4C80-91A5-EFE097349AA7}"
EndProject
Project("{FAE04EC0-301F-11D3-BF4B-00C04F79EFBC}") = "HelloWorld", "HelloWorld\HelloWorld.csproj", "{84A52844-AE32-4A0D-966C-D55FAF2534B0}"
EndProject
Project("{2150E333-8FDC-42A3-9474-1A3956D46DE8}") = "WebApp", "WebApp", "{17EFFFC9-007D-489D-BE54-BE96491F0F13}"
EndProject
Project("{FAE04EC0-301F-11D3-BF4B-00C04F79EFBC}") = "DemoApp-Deploy", "DemoApp\DemoApp-Deploy.csproj", "{844F3F1E-8C2D-44B5-8D13-603AF0C4D9B6}"
EndProject
Project("{151D2E53-A2C4-4D7D-83FE-D05416EBD58E}") = "LabRG-WebSQL", "LabRG-WebSQL\LabRG-WebSQL.deployproj", "{8BA85838-2367-449B-9C9A-28BD34D0A351}"
EndProject
Project("{2150E333-8FDC-42A3-9474-1A3956D46DE8}") = "WebJob", "WebJob", "{9C840BC4-0B5D-4DF4-8E1C-A4AB97C1243C}"
EndProject
Project("{FAE04EC0-301F-11D3-BF4B-00C04F79EFBC}") = "ContosoAdsWeb", "ContosoAdsWebJobs\ContosoAdsWeb\ContosoAdsWeb.csproj", "{1983D1A9-1DBE-41A5-A09E-764B767C071C}"
EndProject
Project("{FAE04EC0-301F-11D3-BF4B-00C04F79EFBC}") = "ContosoAdsWebJob", "ContosoAdsWebJobs\ContosoAdsWebJob\ContosoAdsWebJob.csproj", "{55970867-D146-4F67-BCEE-116913AD9B24}"
EndProject
Project("{FAE04EC0-301F-11D3-BF4B-00C04F79EFBC}") = "ContosoAdsCommon", "ContosoAdsWebJobs\ContosoAdsCommon\ContosoAdsCommon.csproj", "{DA8B60A3-DFBC-4205-8C5C-BA5AF545584B}"
EndProject
Project("{FAE04EC0-301F-11D3-BF4B-00C04F79EFBC}") = "TableStorage", "Azure-Storage-Tables\TableStorage\TableStorage.csproj", "{E791A166-8224-4F86-A06B-0B699643C9EC}"
EndProject
Project("{FAE04EC0-301F-11D3-BF4B-00C04F79EFBC}") = "QueueStorage", "Azure-Storage-Queue\QueueStorage\QueueStorage.csproj", "{2F53D824-D081-4281-81E5-38C7B35C965B}"
EndProject
Project("{FAE04EC0-301F-11D3-BF4B-00C04F79EFBC}") = "BlobStorage", "Azure-Storage-Blob\BlobStorage\BlobStorage.csproj", "{61EF4B90-9020-4C38-8FED-D248246BE9CA}"
EndProject
Global
	GlobalSection(SolutionConfigurationPlatforms) = preSolution
		Debug|Any CPU = Debug|Any CPU
		Release|Any CPU = Release|Any CPU
	EndGlobalSection
	GlobalSection(ProjectConfigurationPlatforms) = postSolution
		{13424B28-1333-44E4-9A03-01FA4C704B87}.Debug|Any CPU.ActiveCfg = Debug|Any CPU
		{13424B28-1333-44E4-9A03-01FA4C704B87}.Debug|Any CPU.Build.0 = Debug|Any CPU
		{13424B28-1333-44E4-9A03-01FA4C704B87}.Release|Any CPU.ActiveCfg = Release|Any CPU
		{13424B28-1333-44E4-9A03-01FA4C704B87}.Release|Any CPU.Build.0 = Release|Any CPU
		{26EBB117-11B8-4CFD-B718-EC6A1376DDCC}.Debug|Any CPU.ActiveCfg = Debug|Any CPU
		{26EBB117-11B8-4CFD-B718-EC6A1376DDCC}.Debug|Any CPU.Build.0 = Debug|Any CPU
		{26EBB117-11B8-4CFD-B718-EC6A1376DDCC}.Release|Any CPU.ActiveCfg = Release|Any CPU
		{26EBB117-11B8-4CFD-B718-EC6A1376DDCC}.Release|Any CPU.Build.0 = Release|Any CPU
		{90144A2A-C767-491C-BA55-D46E417138D8}.Debug|Any CPU.ActiveCfg = Debug|Any CPU
		{90144A2A-C767-491C-BA55-D46E417138D8}.Debug|Any CPU.Build.0 = Debug|Any CPU
		{90144A2A-C767-491C-BA55-D46E417138D8}.Release|Any CPU.ActiveCfg = Release|Any CPU
		{90144A2A-C767-491C-BA55-D46E417138D8}.Release|Any CPU.Build.0 = Release|Any CPU
		{25EC9B0F-356C-4CE6-AF03-7E81CE33F14D}.Debug|Any CPU.ActiveCfg = Debug|Any CPU
		{25EC9B0F-356C-4CE6-AF03-7E81CE33F14D}.Debug|Any CPU.Build.0 = Debug|Any CPU
		{25EC9B0F-356C-4CE6-AF03-7E81CE33F14D}.Release|Any CPU.ActiveCfg = Release|Any CPU
		{25EC9B0F-356C-4CE6-AF03-7E81CE33F14D}.Release|Any CPU.Build.0 = Release|Any CPU
		{84A52844-AE32-4A0D-966C-D55FAF2534B0}.Debug|Any CPU.ActiveCfg = Debug|Any CPU
		{84A52844-AE32-4A0D-966C-D55FAF2534B0}.Debug|Any CPU.Build.0 = Debug|Any CPU
		{84A52844-AE32-4A0D-966C-D55FAF2534B0}.Release|Any CPU.ActiveCfg = Release|Any CPU
		{84A52844-AE32-4A0D-966C-D55FAF2534B0}.Release|Any CPU.Build.0 = Release|Any CPU
		{844F3F1E-8C2D-44B5-8D13-603AF0C4D9B6}.Debug|Any CPU.ActiveCfg = Debug|Any CPU
		{844F3F1E-8C2D-44B5-8D13-603AF0C4D9B6}.Debug|Any CPU.Build.0 = Debug|Any CPU
		{844F3F1E-8C2D-44B5-8D13-603AF0C4D9B6}.Release|Any CPU.ActiveCfg = Release|Any CPU
		{844F3F1E-8C2D-44B5-8D13-603AF0C4D9B6}.Release|Any CPU.Build.0 = Release|Any CPU
		{8BA85838-2367-449B-9C9A-28BD34D0A351}.Debug|Any CPU.ActiveCfg = Debug|Any CPU
		{8BA85838-2367-449B-9C9A-28BD34D0A351}.Debug|Any CPU.Build.0 = Debug|Any CPU
		{8BA85838-2367-449B-9C9A-28BD34D0A351}.Release|Any CPU.ActiveCfg = Release|Any CPU
		{8BA85838-2367-449B-9C9A-28BD34D0A351}.Release|Any CPU.Build.0 = Release|Any CPU
		{1983D1A9-1DBE-41A5-A09E-764B767C071C}.Debug|Any CPU.ActiveCfg = Debug|Any CPU
		{1983D1A9-1DBE-41A5-A09E-764B767C071C}.Debug|Any CPU.Build.0 = Debug|Any CPU
		{1983D1A9-1DBE-41A5-A09E-764B767C071C}.Release|Any CPU.ActiveCfg = Release|Any CPU
		{1983D1A9-1DBE-41A5-A09E-764B767C071C}.Release|Any CPU.Build.0 = Release|Any CPU
		{55970867-D146-4F67-BCEE-116913AD9B24}.Debug|Any CPU.ActiveCfg = Debug|Any CPU
		{55970867-D146-4F67-BCEE-116913AD9B24}.Debug|Any CPU.Build.0 = Debug|Any CPU
		{55970867-D146-4F67-BCEE-116913AD9B24}.Release|Any CPU.ActiveCfg = Release|Any CPU
		{55970867-D146-4F67-BCEE-116913AD9B24}.Release|Any CPU.Build.0 = Release|Any CPU
		{DA8B60A3-DFBC-4205-8C5C-BA5AF545584B}.Debug|Any CPU.ActiveCfg = Debug|Any CPU
		{DA8B60A3-DFBC-4205-8C5C-BA5AF545584B}.Debug|Any CPU.Build.0 = Debug|Any CPU
		{DA8B60A3-DFBC-4205-8C5C-BA5AF545584B}.Release|Any CPU.ActiveCfg = Release|Any CPU
		{DA8B60A3-DFBC-4205-8C5C-BA5AF545584B}.Release|Any CPU.Build.0 = Release|Any CPU
		{E791A166-8224-4F86-A06B-0B699643C9EC}.Debug|Any CPU.ActiveCfg = Debug|Any CPU
		{E791A166-8224-4F86-A06B-0B699643C9EC}.Debug|Any CPU.Build.0 = Debug|Any CPU
		{E791A166-8224-4F86-A06B-0B699643C9EC}.Release|Any CPU.ActiveCfg = Release|Any CPU
		{E791A166-8224-4F86-A06B-0B699643C9EC}.Release|Any CPU.Build.0 = Release|Any CPU
		{2F53D824-D081-4281-81E5-38C7B35C965B}.Debug|Any CPU.ActiveCfg = Debug|Any CPU
		{2F53D824-D081-4281-81E5-38C7B35C965B}.Debug|Any CPU.Build.0 = Debug|Any CPU
		{2F53D824-D081-4281-81E5-38C7B35C965B}.Release|Any CPU.ActiveCfg = Release|Any CPU
		{2F53D824-D081-4281-81E5-38C7B35C965B}.Release|Any CPU.Build.0 = Release|Any CPU
		{61EF4B90-9020-4C38-8FED-D248246BE9CA}.Debug|Any CPU.ActiveCfg = Debug|Any CPU
		{61EF4B90-9020-4C38-8FED-D248246BE9CA}.Debug|Any CPU.Build.0 = Debug|Any CPU
		{61EF4B90-9020-4C38-8FED-D248246BE9CA}.Release|Any CPU.ActiveCfg = Release|Any CPU
		{61EF4B90-9020-4C38-8FED-D248246BE9CA}.Release|Any CPU.Build.0 = Release|Any CPU
	EndGlobalSection
	GlobalSection(SolutionProperties) = preSolution
		HideSolutionNode = FALSE
	EndGlobalSection
	GlobalSection(NestedProjects) = preSolution
		{13424B28-1333-44E4-9A03-01FA4C704B87} = {7F6BF303-85B1-49DA-9575-AFF55B9A1384}
		{26EBB117-11B8-4CFD-B718-EC6A1376DDCC} = {C33F4ED6-6529-43B2-99B4-69E6C9EB6E94}
		{90144A2A-C767-491C-BA55-D46E417138D8} = {C33F4ED6-6529-43B2-99B4-69E6C9EB6E94}
		{25EC9B0F-356C-4CE6-AF03-7E81CE33F14D} = {C33F4ED6-6529-43B2-99B4-69E6C9EB6E94}
		{229A1095-70E4-4C80-91A5-EFE097349AA7} = {6E454A56-1993-4289-9B35-FB20CCE75A48}
		{84A52844-AE32-4A0D-966C-D55FAF2534B0} = {229A1095-70E4-4C80-91A5-EFE097349AA7}
		{844F3F1E-8C2D-44B5-8D13-603AF0C4D9B6} = {17EFFFC9-007D-489D-BE54-BE96491F0F13}
		{8BA85838-2367-449B-9C9A-28BD34D0A351} = {17EFFFC9-007D-489D-BE54-BE96491F0F13}
		{9C840BC4-0B5D-4DF4-8E1C-A4AB97C1243C} = {17EFFFC9-007D-489D-BE54-BE96491F0F13}
		{1983D1A9-1DBE-41A5-A09E-764B767C071C} = {9C840BC4-0B5D-4DF4-8E1C-A4AB97C1243C}
		{55970867-D146-4F67-BCEE-116913AD9B24} = {9C840BC4-0B5D-4DF4-8E1C-A4AB97C1243C}
		{DA8B60A3-DFBC-4205-8C5C-BA5AF545584B} = {9C840BC4-0B5D-4DF4-8E1C-A4AB97C1243C}
		{E791A166-8224-4F86-A06B-0B699643C9EC} = {7F6BF303-85B1-49DA-9575-AFF55B9A1384}
		{2F53D824-D081-4281-81E5-38C7B35C965B} = {7F6BF303-85B1-49DA-9575-AFF55B9A1384}
		{61EF4B90-9020-4C38-8FED-D248246BE9CA} = {7F6BF303-85B1-49DA-9575-AFF55B9A1384}
	EndGlobalSection
EndGlobal
